{
  "name": "buntest",
  "version": "1.0.0",
  "lockfileVersion": 3,
  "requires": true,
  "packages": {
    "": {
      "name": "buntest",
      "version": "1.0.0",
      "license": "ISC",
      "devDependencies": {
        "@playwright/test": "^1.47.0-alpha-2024-08-25",
        "@types/node": "^22.5.0"
      }
    },
    "node_modules/@playwright/test": {
      "version": "1.47.0-alpha-2024-08-25",
      "resolved": "https://registry.npmjs.org/@playwright/test/-/test-1.47.0-alpha-2024-08-25.tgz",
      "integrity": "sha512-Gbq1f3zSUuyzaW1/NUOgT0UAn90ebOUok8eli9Ccj96eZX/ftyN0JA6OnExPx1bS+aDe2EE/Ci5PGFXO0/T1yQ==",
      "dev": true,
      "dependencies": {
        "playwright": "1.47.0-alpha-2024-08-25"
      },
      "bin": {
        "playwright": "cli.js"
      },
      "engines": {
        "node": ">=18"
      }
    },
    "node_modules/@types/node": {
      "version": "22.5.0",
      "resolved": "https://registry.npmjs.org/@types/node/-/node-22.5.0.tgz",
      "integrity": "sha512-DkFrJOe+rfdHTqqMg0bSNlGlQ85hSoh2TPzZyhHsXnMtligRWpxUySiyw8FY14ITt24HVCiQPWxS3KO/QlGmWg==",
      "dev": true,
      "dependencies": {
        "undici-types": "~6.19.2"
      }
    },
    "node_modules/fsevents": {
      "version": "2.3.2",
      "resolved": "https://registry.npmjs.org/fsevents/-/fsevents-2.3.2.tgz",
      "integrity": "sha512-xiqMQR4xAeHTuB9uWm+fFRcIOgKBMiOBP+eXiyT7jsgVCq1bkVygt00oASowB7EdtpOHaaPgKt812P9ab+DDKA==",
      "dev": true,
      "hasInstallScript": true,
      "optional": true,
      "os": [
        "darwin"
      ],
      "engines": {
        "node": "^8.16.0 || ^10.6.0 || >=11.0.0"
      }
    },
    "node_modules/playwright": {
      "version": "1.47.0-alpha-2024-08-25",
      "resolved": "https://registry.npmjs.org/playwright/-/playwright-1.47.0-alpha-2024-08-25.tgz",
      "integrity": "sha512-t0kfTACCVf3zmtcUEjGZYnY1UYvRQB/Y1VJ7zAPqe7DYHLx190A+UP0WOwtq/ZnhsSHPKsMDFpllWWbJrRZ3Vw==",
      "dev": true,
      "dependencies": {
        "playwright-core": "1.47.0-alpha-2024-08-25"
      },
      "bin": {
        "playwright": "cli.js"
      },
      "engines": {
        "node": ">=18"
      },
      "optionalDependencies": {
        "fsevents": "2.3.2"
      }
    },
    "node_modules/playwright-core": {
      "version": "1.47.0-alpha-2024-08-25",
      "resolved": "https://registry.npmjs.org/playwright-core/-/playwright-core-1.47.0-alpha-2024-08-25.tgz",
      "integrity": "sha512-gKJkldsWEs4wE0VA85iPcn02JvLN6g0iMo657eZ2IqszVFMIDAuzooIi1v1bXcGV0n6Ju9czMeZNPJAuxg4rHQ==",
      "dev": true,
      "bin": {
        "playwright-core": "cli.js"
      },
      "engines": {
        "node": ">=18"
      }
    },
    "node_modules/undici-types": {
      "version": "6.19.8",
      "resolved": "https://registry.npmjs.org/undici-types/-/undici-types-6.19.8.tgz",
      "integrity": "sha512-ve2KP6f/JnbPBFyobGHuerC9g1FYGn/F8n1LWTwNxCEzd6IfqTwUQcNXgEtmmQ6DlRrC1hrSrBnCZPokRrDHjw==",
      "dev": true
    }
  }
}
